
Microsoft Visual Studio Solution File, Format Version 12.00
# Visual Studio Version 17
VisualStudioVersion = 17.7.34018.315
MinimumVisualStudioVersion = 10.0.40219.1
Project("{FAE04EC0-301F-11D3-BF4B-00C04F79EFBC}") = "Bodies", "Bodies\Bodies.csproj", "{119A17C4-E471-4ECD-AD6F-3F801D0187E3}"
EndProject
Global
	GlobalSection(SolutionConfigurationPlatforms) = preSolution
		Debug|Any CPU = Debug|Any CPU
		Release|Any CPU = Release|Any CPU
	EndGlobalSection
	GlobalSection(ProjectConfigurationPlatforms) = postSolution
		{119A17C4-E471-4ECD-AD6F-3F801D0187E3}.Debug|Any CPU.ActiveCfg = Debug|Any CPU
		{119A17C4-E471-4ECD-AD6F-3F801D0187E3}.Debug|Any CPU.Build.0 = Debug|Any CPU
		{119A17C4-E471-4ECD-AD6F-3F801D0187E3}.Release|Any CPU.ActiveCfg = Release|Any CPU
		{119A17C4-E471-4ECD-AD6F-3F801D0187E3}.Release|Any CPU.Build.0 = Release|Any CPU
	EndGlobalSection
	GlobalSection(SolutionProperties) = preSolution
		HideSolutionNode = FALSE
	EndGlobalSection
	GlobalSection(ExtensibilityGlobals) = postSolution
		SolutionGuid = {F1EF7098-9892-4207-BA04-F7DFEAAE2E61}
	EndGlobalSection
EndGlobal
